// !$*UTF8*$!
{
	archiveVersion = 1;
	classes = {
	};
	objectVersion = 50;
	objects = {

/* Begin PBXBuildFile section */
		BA464CDC27217420004193EF /* AppDelegate.swift in Sources */ = {isa = PBXBuildFile; fileRef = BA464CDB27217420004193EF /* AppDelegate.swift */; };
		BA464CDE27217420004193EF /* SceneDelegate.swift in Sources */ = {isa = PBXBuildFile; fileRef = BA464CDD27217420004193EF /* SceneDelegate.swift */; };
		BA464CE027217420004193EF /* QuizViewController.swift in Sources */ = {isa = PBXBuildFile; fileRef = BA464CDF27217420004193EF /* QuizViewController.swift */; };
		BA464CE327217420004193EF /* Main.storyboard in Resources */ = {isa = PBXBuildFile; fileRef = BA464CE127217420004193EF /* Main.storyboard */; };
		BA464CE527217421004193EF /* Assets.xcassets in Resources */ = {isa = PBXBuildFile; fileRef = BA464CE427217421004193EF /* Assets.xcassets */; };
		BA464CE827217421004193EF /* LaunchScreen.storyboard in Resources */ = {isa = PBXBuildFile; fileRef = BA464CE627217421004193EF /* LaunchScreen.storyboard */; };
		BA464CF12722A49C004193EF /* Question.swift in Sources */ = {isa = PBXBuildFile; fileRef = BA464CF02722A49C004193EF /* Question.swift */; };
		BA464CF32722A505004193EF /* QuizBrain.swift in Sources */ = {isa = PBXBuildFile; fileRef = BA464CF22722A505004193EF /* QuizBrain.swift */; };
/* End PBXBuildFile section */

/* Begin PBXFileReference section */
		BA464CD827217420004193EF /* Borat-Quiz.app */ = {isa = PBXFileReference; explicitFileType = wrapper.application; includeInIndex = 0; path = "Borat-Quiz.app"; sourceTree = BUILT_PRODUCTS_DIR; };
		BA464CDB27217420004193EF /* AppDelegate.swift */ = {isa = PBXFileReference; lastKnownFileType = sourcecode.swift; path = AppDelegate.swift; sourceTree = "<group>"; };
		BA464CDD27217420004193EF /* SceneDelegate.swift */ = {isa = PBXFileReference; lastKnownFileType = sourcecode.swift; path = SceneDelegate.swift; sourceTree = "<group>"; };
		BA464CDF27217420004193EF /* QuizViewController.swift */ = {isa = PBXFileReference; lastKnownFileType = sourcecode.swift; path = QuizViewController.swift; sourceTree = "<group>"; };
		BA464CE227217420004193EF /* Base */ = {isa = PBXFileReference; lastKnownFileType = file.storyboard; name = Base; path = Base.lproj/Main.storyboard; sourceTree = "<group>"; };
		BA464CE427217421004193EF /* Assets.xcassets */ = {isa = PBXFileReference; lastKnownFileType = folder.assetcatalog; path = Assets.xcassets; sourceTree = "<group>"; };
		BA464CE727217421004193EF /* Base */ = {isa = PBXFileReference; lastKnownFileType = file.storyboard; name = Base; path = Base.lproj/LaunchScreen.storyboard; sourceTree = "<group>"; };
		BA464CE927217421004193EF /* Info.plist */ = {isa = PBXFileReference; lastKnownFileType = text.plist.xml; path = Info.plist; sourceTree = "<group>"; };
		BA464CF02722A49C004193EF /* Question.swift */ = {isa = PBXFileReference; lastKnownFileType = sourcecode.swift; path = Question.swift; sourceTree = "<group>"; };
		BA464CF22722A505004193EF /* QuizBrain.swift */ = {isa = PBXFileReference; lastKnownFileType = sourcecode.swift; path = QuizBrain.swift; sourceTree = "<group>"; };
/* End PBXFileReference section */

/* Begin PBXFrameworksBuildPhase section */
		BA464CD527217420004193EF /* Frameworks */ = {
			isa = PBXFrameworksBuildPhase;
			buildActionMask = 2147483647;
			files = (
			);
			runOnlyForDeploymentPostprocessing = 0;
		};
/* End PBXFrameworksBuildPhase section */

/* Begin PBXGroup section */
		BA464CCF27217420004193EF = {
			isa = PBXGroup;
			children = (
				BA464CDA27217420004193EF /* Borat-Quiz */,
				BA464CD927217420004193EF /* Products */,
			);
			sourceTree = "<group>";
		};
		BA464CD927217420004193EF /* Products */ = {
			isa = PBXGroup;
			children = (
				BA464CD827217420004193EF /* Borat-Quiz.app */,
			);
			name = Products;
			sourceTree = "<group>";
		};
		BA464CDA27217420004193EF /* Borat-Quiz */ = {
			isa = PBXGroup;
			children = (
				BA464CEF2722A47A004193EF /* Modal */,
				BA464CDB27217420004193EF /* AppDelegate.swift */,
				BA464CDD27217420004193EF /* SceneDelegate.swift */,
				BA464CDF27217420004193EF /* QuizViewController.swift */,
				BA464CE127217420004193EF /* Main.storyboard */,
				BA464CE427217421004193EF /* Assets.xcassets */,
				BA464CE627217421004193EF /* LaunchScreen.storyboard */,
				BA464CE927217421004193EF /* Info.plist */,
			);
			path = "Borat-Quiz";
			sourceTree = "<group>";
		};
		BA464CEF2722A47A004193EF /* Modal */ = {
			isa = PBXGroup;
			children = (
				BA464CF02722A49C004193EF /* Question.swift */,
				BA464CF22722A505004193EF /* QuizBrain.swift */,
			);
			path = Modal;
			sourceTree = "<group>";
		};
/* End PBXGroup section */

/* Begin PBXNativeTarget section */
		BA464CD727217420004193EF /* Borat-Quiz */ = {
			isa = PBXNativeTarget;
			buildConfigurationList = BA464CEC27217421004193EF /* Build configuration list for PBXNativeTarget "Borat-Quiz" */;
			buildPhases = (
				BA464CD427217420004193EF /* Sources */,
				BA464CD527217420004193EF /* Frameworks */,
				BA464CD627217420004193EF /* Resources */,
			);
			buildRules = (
			);
			dependencies = (
			);
			name = "Borat-Quiz";
			productName = "Borat-Quiz";
			productReference = BA464CD827217420004193EF /* Borat-Quiz.app */;
			productType = "com.apple.product-type.application";
		};
/* End PBXNativeTarget section */

/* Begin PBXProject section */
		BA464CD027217420004193EF /* Project object */ = {
			isa = PBXProject;
			attributes = {
				LastSwiftUpdateCheck = 1250;
				LastUpgradeCheck = 1250;
				TargetAttributes = {
					BA464CD727217420004193EF = {
						CreatedOnToolsVersion = 12.5.1;
					};
				};
			};
			buildConfigurationList = BA464CD327217420004193EF /* Build configuration list for PBXProject "Borat-Quiz" */;
			compatibilityVersion = "Xcode 9.3";
			developmentRegion = en;
			hasScannedForEncodings = 0;
			knownRegions = (
				en,
				Base,
			);
			mainGroup = BA464CCF27217420004193EF;
			productRefGroup = BA464CD927217420004193EF /* Products */;
			projectDirPath = "";
			projectRoot = "";
			targets = (
				BA464CD727217420004193EF /* Borat-Quiz */,
			);
		};
/* End PBXProject section */

/* Begin PBXResourcesBuildPhase section */
		BA464CD627217420004193EF /* Resources */ = {
			isa = PBXResourcesBuildPhase;
			buildActionMask = 2147483647;
			files = (
				BA464CE827217421004193EF /* LaunchScreen.storyboard in Resources */,
				BA464CE527217421004193EF /* Assets.xcassets in Resources */,
				BA464CE327217420004193EF /* Main.storyboard in Resources */,
			);
			runOnlyForDeploymentPostprocessing = 0;
		};
/* End PBXResourcesBuildPhase section */

/* Begin PBXSourcesBuildPhase section */
		BA464CD427217420004193EF /* Sources */ = {
			isa = PBXSourcesBuildPhase;
			buildActionMask = 2147483647;
			files = (
				BA464CF32722A505004193EF /* QuizBrain.swift in Sources */,
				BA464CE027217420004193EF /* QuizViewController.swift in Sources */,
				BA464CF12722A49C004193EF /* Question.swift in Sources */,
				BA464CDC27217420004193EF /* AppDelegate.swift in Sources */,
				BA464CDE27217420004193EF /* SceneDelegate.swift in Sources */,
			);
			runOnlyForDeploymentPostprocessing = 0;
		};
/* End PBXSourcesBuildPhase section */

/* Begin PBXVariantGroup section */
		BA464CE127217420004193EF /* Main.storyboard */ = {
			isa = PBXVariantGroup;
			children = (
				BA464CE227217420004193EF /* Base */,
			);
			name = Main.storyboard;
			sourceTree = "<group>";
		};
		BA464CE627217421004193EF /* LaunchScreen.storyboard */ = {
			isa = PBXVariantGroup;
			children = (
				BA464CE727217421004193EF /* Base */,
			);
			name = LaunchScreen.storyboard;
			sourceTree = "<group>";
		};
/* End PBXVariantGroup section */

/* Begin XCBuildConfiguration section */
		BA464CEA27217421004193EF /* Debug */ = {
			isa = XCBuildConfiguration;
			buildSettings = {
				ALWAYS_SEARCH_USER_PATHS = NO;
				CLANG_ANALYZER_NONNULL = YES;
				CLANG_ANALYZER_NUMBER_OBJECT_CONVERSION = YES_AGGRESSIVE;
				CLANG_CXX_LANGUAGE_STANDARD = "gnu++14";
				CLANG_CXX_LIBRARY = "libc++";
				CLANG_ENABLE_MODULES = YES;
				CLANG_ENABLE_OBJC_ARC = YES;
				CLANG_ENABLE_OBJC_WEAK = YES;
				CLANG_WARN_BLOCK_CAPTURE_AUTORELEASING = YES;
				CLANG_WARN_BOOL_CONVERSION = YES;
				CLANG_WARN_COMMA = YES;
				CLANG_WARN_CONSTANT_CONVERSION = YES;
				CLANG_WARN_DEPRECATED_OBJC_IMPLEMENTATIONS = YES;
				CLANG_WARN_DIRECT_OBJC_ISA_USAGE = YES_ERROR;
				CLANG_WARN_DOCUMENTATION_COMMENTS = YES;
				CLANG_WARN_EMPTY_BODY = YES;
				CLANG_WARN_ENUM_CONVERSION = YES;
				CLANG_WARN_INFINITE_RECURSION = YES;
				CLANG_WARN_INT_CONVERSION = YES;
				CLANG_WARN_NON_LITERAL_NULL_CONVERSION = YES;
				CLANG_WARN_OBJC_IMPLICIT_RETAIN_SELF = YES;
				CLANG_WARN_OBJC_LITERAL_CONVERSION = YES;
				CLANG_WARN_OBJC_ROOT_CLASS = YES_ERROR;
				CLANG_WARN_QUOTED_INCLUDE_IN_FRAMEWORK_HEADER = YES;
				CLANG_WARN_RANGE_LOOP_ANALYSIS = YES;
				CLANG_WARN_STRICT_PROTOTYPES = YES;
				CLANG_WARN_SUSPICIOUS_MOVE = YES;
				CLANG_WARN_UNGUARDED_AVAILABILITY = YES_AGGRESSIVE;
				CLANG_WARN_UNREACHABLE_CODE = YES;
				CLANG_WARN__DUPLICATE_METHOD_MATCH = YES;
				COPY_PHASE_STRIP = NO;
				DEBUG_INFORMATION_FORMAT = dwarf;
				ENABLE_STRICT_OBJC_MSGSEND = YES;
				ENABLE_TESTABILITY = YES;
				GCC_C_LANGUAGE_STANDARD = gnu11;
				GCC_DYNAMIC_NO_PIC = NO;
				GCC_NO_COMMON_BLOCKS = YES;
				GCC_OPTIMIZATION_LEVEL = 0;
				GCC_PREPROCESSOR_DEFINITIONS = (
					"DEBUG=1",
					"$(inherited)",
				);
				GCC_WARN_64_TO_32_BIT_CONVERSION = YES;
				GCC_WARN_ABOUT_RETURN_TYPE = YES_ERROR;
				GCC_WARN_UNDECLARED_SELECTOR = YES;
				GCC_WARN_UNINITIALIZED_AUTOS = YES_AGGRESSIVE;
				GCC_WARN_UNUSED_FUNCTION = YES;
				GCC_WARN_UNUSED_VARIABLE = YES;
				IPHONEOS_DEPLOYMENT_TARGET = 14.5;
				MTL_ENABLE_DEBUG_INFO = INCLUDE_SOURCE;
				MTL_FAST_MATH = YES;
				ONLY_ACTIVE_ARCH = YES;
				SDKROOT = iphoneos;
				SWIFT_ACTIVE_COMPILATION_CONDITIONS = DEBUG;
				SWIFT_OPTIMIZATION_LEVEL = "-Onone";
			};
			name = Debug;
		};
		BA464CEB27217421004193EF /* Release */ = {
			isa = XCBuildConfiguration;
			buildSettings = {
				ALWAYS_SEARCH_USER_PATHS = NO;
				CLANG_ANALYZER_NONNULL = YES;
				CLANG_ANALYZER_NUMBER_OBJECT_CONVERSION = YES_AGGRESSIVE;
				CLANG_CXX_LANGUAGE_STANDARD = "gnu++14";
				CLANG_CXX_LIBRARY = "libc++";
				CLANG_ENABLE_MODULES = YES;
				CLANG_ENABLE_OBJC_ARC = YES;
				CLANG_ENABLE_OBJC_WEAK = YES;
				CLANG_WARN_BLOCK_CAPTURE_AUTORELEASING = YES;
				CLANG_WARN_BOOL_CONVERSION = YES;
				CLANG_WARN_COMMA = YES;
				CLANG_WARN_CONSTANT_CONVERSION = YES;
				CLANG_WARN_DEPRECATED_OBJC_IMPLEMENTATIONS = YES;
				CLANG_WARN_DIRECT_OBJC_ISA_USAGE = YES_ERROR;
				CLANG_WARN_DOCUMENTATION_COMMENTS = YES;
				CLANG_WARN_EMPTY_BODY = YES;
				CLANG_WARN_ENUM_CONVERSION = YES;
				CLANG_WARN_INFINITE_RECURSION = YES;
				CLANG_WARN_INT_CONVERSION = YES;
				CLANG_WARN_NON_LITERAL_NULL_CONVERSION = YES;
				CLANG_WARN_OBJC_IMPLICIT_RETAIN_SELF = YES;
				CLANG_WARN_OBJC_LITERAL_CONVERSION = YES;
				CLANG_WARN_OBJC_ROOT_CLASS = YES_ERROR;
				CLANG_WARN_QUOTED_INCLUDE_IN_FRAMEWORK_HEADER = YES;
				CLANG_WARN_RANGE_LOOP_ANALYSIS = YES;
				CLANG_WARN_STRICT_PROTOTYPES = YES;
				CLANG_WARN_SUSPICIOUS_MOVE = YES;
				CLANG_WARN_UNGUARDED_AVAILABILITY = YES_AGGRESSIVE;
				CLANG_WARN_UNREACHABLE_CODE = YES;
				CLANG_WARN__DUPLICATE_METHOD_MATCH = YES;
				COPY_PHASE_STRIP = NO;
				DEBUG_INFORMATION_FORMAT = "dwarf-with-dsym";
				ENABLE_NS_ASSERTIONS = NO;
				ENABLE_STRICT_OBJC_MSGSEND = YES;
				GCC_C_LANGUAGE_STANDARD = gnu11;
				GCC_NO_COMMON_BLOCKS = YES;
				GCC_WARN_64_TO_32_BIT_CONVERSION = YES;
				GCC_WARN_ABOUT_RETURN_TYPE = YES_ERROR;
				GCC_WARN_UNDECLARED_SELECTOR = YES;
				GCC_WARN_UNINITIALIZED_AUTOS = YES_AGGRESSIVE;
				GCC_WARN_UNUSED_FUNCTION = YES;
				GCC_WARN_UNUSED_VARIABLE = YES;
				IPHONEOS_DEPLOYMENT_TARGET = 14.5;
				MTL_ENABLE_DEBUG_INFO = NO;
				MTL_FAST_MATH = YES;
				SDKROOT = iphoneos;
				SWIFT_COMPILATION_MODE = wholemodule;
				SWIFT_OPTIMIZATION_LEVEL = "-O";
				VALIDATE_PRODUCT = YES;
			};
			name = Release;
		};
		BA464CED27217421004193EF /* Debug */ = {
			isa = XCBuildConfiguration;
			buildSettings = {
				ASSETCATALOG_COMPILER_APPICON_NAME = AppIcon;
				ASSETCATALOG_COMPILER_GLOBAL_ACCENT_COLOR_NAME = AccentColor;
				CODE_SIGN_STYLE = Automatic;
				DEVELOPMENT_TEAM = F7LNFSM4BZ;
				INFOPLIST_FILE = "Borat-Quiz/Info.plist";
				LD_RUNPATH_SEARCH_PATHS = (
					"$(inherited)",
					"@executable_path/Frameworks",
				);
				PRODUCT_BUNDLE_IDENTIFIER = "com.egealpay.Borat-Quiz";
				PRODUCT_NAME = "$(TARGET_NAME)";
				SWIFT_VERSION = 5.0;
				TARGETED_DEVICE_FAMILY = "1,2";
			};
			name = Debug;
		};
		BA464CEE27217421004193EF /* Release */ = {
			isa = XCBuildConfiguration;
			buildSettings = {
				ASSETCATALOG_COMPILER_APPICON_NAME = AppIcon;
				ASSETCATALOG_COMPILER_GLOBAL_ACCENT_COLOR_NAME = AccentColor;
				CODE_SIGN_STYLE = Automatic;
				DEVELOPMENT_TEAM = F7LNFSM4BZ;
				INFOPLIST_FILE = "Borat-Quiz/Info.plist";
				LD_RUNPATH_SEARCH_PATHS = (
					"$(inherited)",
					"@executable_path/Frameworks",
				);
				PRODUCT_BUNDLE_IDENTIFIER = "com.egealpay.Borat-Quiz";
				PRODUCT_NAME = "$(TARGET_NAME)";
				SWIFT_VERSION = 5.0;
				TARGETED_DEVICE_FAMILY = "1,2";
			};
			name = Release;
		};
/* End XCBuildConfiguration section */

/* Begin XCConfigurationList section */
		BA464CD327217420004193EF /* Build configuration list for PBXProject "Borat-Quiz" */ = {
			isa = XCConfigurationList;
			buildConfigurations = (
				BA464CEA27217421004193EF /* Debug */,
				BA464CEB27217421004193EF /* Release */,
			);
			defaultConfigurationIsVisible = 0;
			defaultConfigurationName = Release;
		};
		BA464CEC27217421004193EF /* Build configuration list for PBXNativeTarget "Borat-Quiz" */ = {
			isa = XCConfigurationList;
			buildConfigurations = (
				BA464CED27217421004193EF /* Debug */,
				BA464CEE27217421004193EF /* Release */,
			);
			defaultConfigurationIsVisible = 0;
			defaultConfigurationName = Release;
		};
/* End XCConfigurationList section */
	};
	rootObject = BA464CD027217420004193EF /* Project object */;
}
